
Microsoft Visual Studio Solution File, Format Version 12.00
# Visual Studio Version 16
VisualStudioVersion = 16.0.30413.136
MinimumVisualStudioVersion = 10.0.40219.1
Project("{FAE04EC0-301F-11D3-BF4B-00C04F79EFBC}") = "ChatterBox", "ChatterBox.csproj", "{28F1F6FF-C9D0-4D25-BBD3-18529E706286}"
EndProject
Global
	GlobalSection(SolutionConfigurationPlatforms) = preSolution
		Debug|Any CPU = Debug|Any CPU
		Release|Any CPU = Release|Any CPU
	EndGlobalSection
	GlobalSection(ProjectConfigurationPlatforms) = postSolution
		{28F1F6FF-C9D0-4D25-BBD3-18529E706286}.Debug|Any CPU.ActiveCfg = Debug|Any CPU
		{28F1F6FF-C9D0-4D25-BBD3-18529E706286}.Debug|Any CPU.Build.0 = Debug|Any CPU
		{28F1F6FF-C9D0-4D25-BBD3-18529E706286}.Release|Any CPU.ActiveCfg = Release|Any CPU
		{28F1F6FF-C9D0-4D25-BBD3-18529E706286}.Release|Any CPU.Build.0 = Release|Any CPU
	EndGlobalSection
	GlobalSection(SolutionProperties) = preSolution
		HideSolutionNode = FALSE
	EndGlobalSection
	GlobalSection(ExtensibilityGlobals) = postSolution
		SolutionGuid = {5E56A094-7090-4C27-9E40-35018BC49DD0}
	EndGlobalSection
EndGlobal
